
Microsoft Visual Studio Solution File, Format Version 12.00
# Visual Studio Version 16
VisualStudioVersion = 16.0.31025.194
MinimumVisualStudioVersion = 10.0.40219.1
Project("{F2A71F9B-5D33-465A-A702-920D77279786}") = "Projmgt", "Projmgt.fsproj", "{CC539FFD-C1C8-42A8-89A7-D7705CC9B805}"
EndProject
Global
	GlobalSection(SolutionConfigurationPlatforms) = preSolution
		Debug|Any CPU = Debug|Any CPU
		Release|Any CPU = Release|Any CPU
	EndGlobalSection
	GlobalSection(ProjectConfigurationPlatforms) = postSolution
		{CC539FFD-C1C8-42A8-89A7-D7705CC9B805}.Debug|Any CPU.ActiveCfg = Debug|Any CPU
		{CC539FFD-C1C8-42A8-89A7-D7705CC9B805}.Debug|Any CPU.Build.0 = Debug|Any CPU
		{CC539FFD-C1C8-42A8-89A7-D7705CC9B805}.Release|Any CPU.ActiveCfg = Release|Any CPU
		{CC539FFD-C1C8-42A8-89A7-D7705CC9B805}.Release|Any CPU.Build.0 = Release|Any CPU
	EndGlobalSection
	GlobalSection(SolutionProperties) = preSolution
		HideSolutionNode = FALSE
	EndGlobalSection
	GlobalSection(ExtensibilityGlobals) = postSolution
		SolutionGuid = {12BD9C06-458D-4016-9621-D7111E2F3259}
	EndGlobalSection
EndGlobal
